
Microsoft Visual Studio Solution File, Format Version 12.00
# Visual Studio Version 17
VisualStudioVersion = 17.6.33723.286
MinimumVisualStudioVersion = 10.0.40219.1
Project("{9A19103F-16F7-4668-BE54-9A1E7A4F7556}") = "KernNetzServer", "KernNetzServer\KernNetzServer.csproj", "{C4BC8900-C04C-4C4A-A8F7-66710F4BEA02}"
EndProject
Project("{9A19103F-16F7-4668-BE54-9A1E7A4F7556}") = "FigNetCommon", "GameCommon\FigNetCommon.csproj", "{067A97BF-FC3F-4F8B-B95D-2E2FD2ECBFED}"
EndProject
Project("{9A19103F-16F7-4668-BE54-9A1E7A4F7556}") = "KernNetz", "KernNetz\KernNetz.csproj", "{70D4C1D1-1D44-4D62-9C0B-85D4F2B573BC}"
EndProject
Global
	GlobalSection(SolutionConfigurationPlatforms) = preSolution
		Debug|Any CPU = Debug|Any CPU
		Release|Any CPU = Release|Any CPU
	EndGlobalSection
	GlobalSection(ProjectConfigurationPlatforms) = postSolution
		{C4BC8900-C04C-4C4A-A8F7-66710F4BEA02}.Debug|Any CPU.ActiveCfg = Debug|Any CPU
		{C4BC8900-C04C-4C4A-A8F7-66710F4BEA02}.Debug|Any CPU.Build.0 = Debug|Any CPU
		{C4BC8900-C04C-4C4A-A8F7-66710F4BEA02}.Release|Any CPU.ActiveCfg = Release|Any CPU
		{C4BC8900-C04C-4C4A-A8F7-66710F4BEA02}.Release|Any CPU.Build.0 = Release|Any CPU
		{067A97BF-FC3F-4F8B-B95D-2E2FD2ECBFED}.Debug|Any CPU.ActiveCfg = Debug|Any CPU
		{067A97BF-FC3F-4F8B-B95D-2E2FD2ECBFED}.Debug|Any CPU.Build.0 = Debug|Any CPU
		{067A97BF-FC3F-4F8B-B95D-2E2FD2ECBFED}.Release|Any CPU.ActiveCfg = Release|Any CPU
		{067A97BF-FC3F-4F8B-B95D-2E2FD2ECBFED}.Release|Any CPU.Build.0 = Release|Any CPU
		{70D4C1D1-1D44-4D62-9C0B-85D4F2B573BC}.Debug|Any CPU.ActiveCfg = Debug|Any CPU
		{70D4C1D1-1D44-4D62-9C0B-85D4F2B573BC}.Debug|Any CPU.Build.0 = Debug|Any CPU
		{70D4C1D1-1D44-4D62-9C0B-85D4F2B573BC}.Release|Any CPU.ActiveCfg = Release|Any CPU
		{70D4C1D1-1D44-4D62-9C0B-85D4F2B573BC}.Release|Any CPU.Build.0 = Release|Any CPU
	EndGlobalSection
	GlobalSection(SolutionProperties) = preSolution
		HideSolutionNode = FALSE
	EndGlobalSection
	GlobalSection(ExtensibilityGlobals) = postSolution
		SolutionGuid = {3F89DF9F-B9F2-4F82-97ED-65B92DFD86C0}
	EndGlobalSection
EndGlobal
